// !$*UTF8*$!
{
	archiveVersion = 1;
	classes = {
	};
	objectVersion = 46;
	objects = {

/* Begin PBXBuildFile section */
		49153E861D7FA65600AE5449 /* AppDelegate.swift in Sources */ = {isa = PBXBuildFile; fileRef = 49153E851D7FA65600AE5449 /* AppDelegate.swift */; };
		49153E881D7FA65600AE5449 /* ViewController.swift in Sources */ = {isa = PBXBuildFile; fileRef = 49153E871D7FA65600AE5449 /* ViewController.swift */; };
		49153E8B1D7FA65600AE5449 /* Main.storyboard in Resources */ = {isa = PBXBuildFile; fileRef = 49153E891D7FA65600AE5449 /* Main.storyboard */; };
		49153E8E1D7FA65600AE5449 /* SwiftTestDevs.xcdatamodeld in Sources */ = {isa = PBXBuildFile; fileRef = 49153E8C1D7FA65600AE5449 /* SwiftTestDevs.xcdatamodeld */; };
		49153E901D7FA65600AE5449 /* Assets.xcassets in Resources */ = {isa = PBXBuildFile; fileRef = 49153E8F1D7FA65600AE5449 /* Assets.xcassets */; };
		49153E931D7FA65600AE5449 /* LaunchScreen.storyboard in Resources */ = {isa = PBXBuildFile; fileRef = 49153E911D7FA65600AE5449 /* LaunchScreen.storyboard */; };
		49153E9E1D7FA65600AE5449 /* SwiftTestDevsTests.swift in Sources */ = {isa = PBXBuildFile; fileRef = 49153E9D1D7FA65600AE5449 /* SwiftTestDevsTests.swift */; };
		49153EA91D7FA65600AE5449 /* SwiftTestDevsUITests.swift in Sources */ = {isa = PBXBuildFile; fileRef = 49153EA81D7FA65600AE5449 /* SwiftTestDevsUITests.swift */; };
/* End PBXBuildFile section */

/* Begin PBXContainerItemProxy section */
		49153E9A1D7FA65600AE5449 /* PBXContainerItemProxy */ = {
			isa = PBXContainerItemProxy;
			containerPortal = 49153E7A1D7FA65600AE5449 /* Project object */;
			proxyType = 1;
			remoteGlobalIDString = 49153E811D7FA65600AE5449;
			remoteInfo = SwiftTestDevs;
		};
		49153EA51D7FA65600AE5449 /* PBXContainerItemProxy */ = {
			isa = PBXContainerItemProxy;
			containerPortal = 49153E7A1D7FA65600AE5449 /* Project object */;
			proxyType = 1;
			remoteGlobalIDString = 49153E811D7FA65600AE5449;
			remoteInfo = SwiftTestDevs;
		};
/* End PBXContainerItemProxy section */

/* Begin PBXFileReference section */
		49153E821D7FA65600AE5449 /* SwiftTestDevs.app */ = {isa = PBXFileReference; explicitFileType = wrapper.application; includeInIndex = 0; path = SwiftTestDevs.app; sourceTree = BUILT_PRODUCTS_DIR; };
		49153E851D7FA65600AE5449 /* AppDelegate.swift */ = {isa = PBXFileReference; lastKnownFileType = sourcecode.swift; path = AppDelegate.swift; sourceTree = "<group>"; };
		49153E871D7FA65600AE5449 /* ViewController.swift */ = {isa = PBXFileReference; lastKnownFileType = sourcecode.swift; path = ViewController.swift; sourceTree = "<group>"; };
		49153E8A1D7FA65600AE5449 /* Base */ = {isa = PBXFileReference; lastKnownFileType = file.storyboard; name = Base; path = Base.lproj/Main.storyboard; sourceTree = "<group>"; };
		49153E8D1D7FA65600AE5449 /* SwiftTestDevs.xcdatamodel */ = {isa = PBXFileReference; lastKnownFileType = wrapper.xcdatamodel; path = SwiftTestDevs.xcdatamodel; sourceTree = "<group>"; };
		49153E8F1D7FA65600AE5449 /* Assets.xcassets */ = {isa = PBXFileReference; lastKnownFileType = folder.assetcatalog; path = Assets.xcassets; sourceTree = "<group>"; };
		49153E921D7FA65600AE5449 /* Base */ = {isa = PBXFileReference; lastKnownFileType = file.storyboard; name = Base; path = Base.lproj/LaunchScreen.storyboard; sourceTree = "<group>"; };
		49153E941D7FA65600AE5449 /* Info.plist */ = {isa = PBXFileReference; lastKnownFileType = text.plist.xml; path = Info.plist; sourceTree = "<group>"; };
		49153E991D7FA65600AE5449 /* SwiftTestDevsTests.xctest */ = {isa = PBXFileReference; explicitFileType = wrapper.cfbundle; includeInIndex = 0; path = SwiftTestDevsTests.xctest; sourceTree = BUILT_PRODUCTS_DIR; };
		49153E9D1D7FA65600AE5449 /* SwiftTestDevsTests.swift */ = {isa = PBXFileReference; lastKnownFileType = sourcecode.swift; path = SwiftTestDevsTests.swift; sourceTree = "<group>"; };
		49153E9F1D7FA65600AE5449 /* Info.plist */ = {isa = PBXFileReference; lastKnownFileType = text.plist.xml; path = Info.plist; sourceTree = "<group>"; };
		49153EA41D7FA65600AE5449 /* SwiftTestDevsUITests.xctest */ = {isa = PBXFileReference; explicitFileType = wrapper.cfbundle; includeInIndex = 0; path = SwiftTestDevsUITests.xctest; sourceTree = BUILT_PRODUCTS_DIR; };
		49153EA81D7FA65600AE5449 /* SwiftTestDevsUITests.swift */ = {isa = PBXFileReference; lastKnownFileType = sourcecode.swift; path = SwiftTestDevsUITests.swift; sourceTree = "<group>"; };
		49153EAA1D7FA65600AE5449 /* Info.plist */ = {isa = PBXFileReference; lastKnownFileType = text.plist.xml; path = Info.plist; sourceTree = "<group>"; };
/* End PBXFileReference section */

/* Begin PBXFrameworksBuildPhase section */
		49153E7F1D7FA65600AE5449 /* Frameworks */ = {
			isa = PBXFrameworksBuildPhase;
			buildActionMask = 2147483647;
			files = (
			);
			runOnlyForDeploymentPostprocessing = 0;
		};
		49153E961D7FA65600AE5449 /* Frameworks */ = {
			isa = PBXFrameworksBuildPhase;
			buildActionMask = 2147483647;
			files = (
			);
			runOnlyForDeploymentPostprocessing = 0;
		};
		49153EA11D7FA65600AE5449 /* Frameworks */ = {
			isa = PBXFrameworksBuildPhase;
			buildActionMask = 2147483647;
			files = (
			);
			runOnlyForDeploymentPostprocessing = 0;
		};
/* End PBXFrameworksBuildPhase section */

/* Begin PBXGroup section */
		49153E791D7FA65600AE5449 = {
			isa = PBXGroup;
			children = (
				49153E841D7FA65600AE5449 /* SwiftTestDevs */,
				49153E9C1D7FA65600AE5449 /* SwiftTestDevsTests */,
				49153EA71D7FA65600AE5449 /* SwiftTestDevsUITests */,
				49153E831D7FA65600AE5449 /* Products */,
			);
			sourceTree = "<group>";
		};
		49153E831D7FA65600AE5449 /* Products */ = {
			isa = PBXGroup;
			children = (
				49153E821D7FA65600AE5449 /* SwiftTestDevs.app */,
				49153E991D7FA65600AE5449 /* SwiftTestDevsTests.xctest */,
				49153EA41D7FA65600AE5449 /* SwiftTestDevsUITests.xctest */,
			);
			name = Products;
			sourceTree = "<group>";
		};
		49153E841D7FA65600AE5449 /* SwiftTestDevs */ = {
			isa = PBXGroup;
			children = (
				49153E851D7FA65600AE5449 /* AppDelegate.swift */,
				49153E871D7FA65600AE5449 /* ViewController.swift */,
				49153E891D7FA65600AE5449 /* Main.storyboard */,
				49153E8F1D7FA65600AE5449 /* Assets.xcassets */,
				49153E911D7FA65600AE5449 /* LaunchScreen.storyboard */,
				49153E941D7FA65600AE5449 /* Info.plist */,
				49153E8C1D7FA65600AE5449 /* SwiftTestDevs.xcdatamodeld */,
			);
			path = SwiftTestDevs;
			sourceTree = "<group>";
		};
		49153E9C1D7FA65600AE5449 /* SwiftTestDevsTests */ = {
			isa = PBXGroup;
			children = (
				49153E9D1D7FA65600AE5449 /* SwiftTestDevsTests.swift */,
				49153E9F1D7FA65600AE5449 /* Info.plist */,
			);
			path = SwiftTestDevsTests;
			sourceTree = "<group>";
		};
		49153EA71D7FA65600AE5449 /* SwiftTestDevsUITests */ = {
			isa = PBXGroup;
			children = (
				49153EA81D7FA65600AE5449 /* SwiftTestDevsUITests.swift */,
				49153EAA1D7FA65600AE5449 /* Info.plist */,
			);
			path = SwiftTestDevsUITests;
			sourceTree = "<group>";
		};
/* End PBXGroup section */

/* Begin PBXNativeTarget section */
		49153E811D7FA65600AE5449 /* SwiftTestDevs */ = {
			isa = PBXNativeTarget;
			buildConfigurationList = 49153EAD1D7FA65600AE5449 /* Build configuration list for PBXNativeTarget "SwiftTestDevs" */;
			buildPhases = (
				49153E7E1D7FA65600AE5449 /* Sources */,
				49153E7F1D7FA65600AE5449 /* Frameworks */,
				49153E801D7FA65600AE5449 /* Resources */,
			);
			buildRules = (
			);
			dependencies = (
			);
			name = SwiftTestDevs;
			productName = SwiftTestDevs;
			productReference = 49153E821D7FA65600AE5449 /* SwiftTestDevs.app */;
			productType = "com.apple.product-type.application";
		};
		49153E981D7FA65600AE5449 /* SwiftTestDevsTests */ = {
			isa = PBXNativeTarget;
			buildConfigurationList = 49153EB01D7FA65600AE5449 /* Build configuration list for PBXNativeTarget "SwiftTestDevsTests" */;
			buildPhases = (
				49153E951D7FA65600AE5449 /* Sources */,
				49153E961D7FA65600AE5449 /* Frameworks */,
				49153E971D7FA65600AE5449 /* Resources */,
			);
			buildRules = (
			);
			dependencies = (
				49153E9B1D7FA65600AE5449 /* PBXTargetDependency */,
			);
			name = SwiftTestDevsTests;
			productName = SwiftTestDevsTests;
			productReference = 49153E991D7FA65600AE5449 /* SwiftTestDevsTests.xctest */;
			productType = "com.apple.product-type.bundle.unit-test";
		};
		49153EA31D7FA65600AE5449 /* SwiftTestDevsUITests */ = {
			isa = PBXNativeTarget;
			buildConfigurationList = 49153EB31D7FA65600AE5449 /* Build configuration list for PBXNativeTarget "SwiftTestDevsUITests" */;
			buildPhases = (
				49153EA01D7FA65600AE5449 /* Sources */,
				49153EA11D7FA65600AE5449 /* Frameworks */,
				49153EA21D7FA65600AE5449 /* Resources */,
			);
			buildRules = (
			);
			dependencies = (
				49153EA61D7FA65600AE5449 /* PBXTargetDependency */,
			);
			name = SwiftTestDevsUITests;
			productName = SwiftTestDevsUITests;
			productReference = 49153EA41D7FA65600AE5449 /* SwiftTestDevsUITests.xctest */;
			productType = "com.apple.product-type.bundle.ui-testing";
		};
/* End PBXNativeTarget section */

/* Begin PBXProject section */
		49153E7A1D7FA65600AE5449 /* Project object */ = {
			isa = PBXProject;
			attributes = {
				LastSwiftUpdateCheck = 0800;
				LastUpgradeCheck = 0800;
				ORGANIZATIONNAME = "Lucas Peters";
				TargetAttributes = {
					49153E811D7FA65600AE5449 = {
						CreatedOnToolsVersion = 8.0;
						ProvisioningStyle = Automatic;
					};
					49153E981D7FA65600AE5449 = {
						CreatedOnToolsVersion = 8.0;
						ProvisioningStyle = Automatic;
						TestTargetID = 49153E811D7FA65600AE5449;
					};
					49153EA31D7FA65600AE5449 = {
						CreatedOnToolsVersion = 8.0;
						ProvisioningStyle = Automatic;
						TestTargetID = 49153E811D7FA65600AE5449;
					};
				};
			};
			buildConfigurationList = 49153E7D1D7FA65600AE5449 /* Build configuration list for PBXProject "SwiftTestDevs" */;
			compatibilityVersion = "Xcode 3.2";
			developmentRegion = English;
			hasScannedForEncodings = 0;
			knownRegions = (
				en,
				Base,
			);
			mainGroup = 49153E791D7FA65600AE5449;
			productRefGroup = 49153E831D7FA65600AE5449 /* Products */;
			projectDirPath = "";
			projectRoot = "";
			targets = (
				49153E811D7FA65600AE5449 /* SwiftTestDevs */,
				49153E981D7FA65600AE5449 /* SwiftTestDevsTests */,
				49153EA31D7FA65600AE5449 /* SwiftTestDevsUITests */,
			);
		};
/* End PBXProject section */

/* Begin PBXResourcesBuildPhase section */
		49153E801D7FA65600AE5449 /* Resources */ = {
			isa = PBXResourcesBuildPhase;
			buildActionMask = 2147483647;
			files = (
				49153E931D7FA65600AE5449 /* LaunchScreen.storyboard in Resources */,
				49153E901D7FA65600AE5449 /* Assets.xcassets in Resources */,
				49153E8B1D7FA65600AE5449 /* Main.storyboard in Resources */,
			);
			runOnlyForDeploymentPostprocessing = 0;
		};
		49153E971D7FA65600AE5449 /* Resources */ = {
			isa = PBXResourcesBuildPhase;
			buildActionMask = 2147483647;
			files = (
			);
			runOnlyForDeploymentPostprocessing = 0;
		};
		49153EA21D7FA65600AE5449 /* Resources */ = {
			isa = PBXResourcesBuildPhase;
			buildActionMask = 2147483647;
			files = (
			);
			runOnlyForDeploymentPostprocessing = 0;
		};
/* End PBXResourcesBuildPhase section */

/* Begin PBXSourcesBuildPhase section */
		49153E7E1D7FA65600AE5449 /* Sources */ = {
			isa = PBXSourcesBuildPhase;
			buildActionMask = 2147483647;
			files = (
				49153E881D7FA65600AE5449 /* ViewController.swift in Sources */,
				49153E8E1D7FA65600AE5449 /* SwiftTestDevs.xcdatamodeld in Sources */,
				49153E861D7FA65600AE5449 /* AppDelegate.swift in Sources */,
			);
			runOnlyForDeploymentPostprocessing = 0;
		};
		49153E951D7FA65600AE5449 /* Sources */ = {
			isa = PBXSourcesBuildPhase;
			buildActionMask = 2147483647;
			files = (
				49153E9E1D7FA65600AE5449 /* SwiftTestDevsTests.swift in Sources */,
			);
			runOnlyForDeploymentPostprocessing = 0;
		};
		49153EA01D7FA65600AE5449 /* Sources */ = {
			isa = PBXSourcesBuildPhase;
			buildActionMask = 2147483647;
			files = (
				49153EA91D7FA65600AE5449 /* SwiftTestDevsUITests.swift in Sources */,
			);
			runOnlyForDeploymentPostprocessing = 0;
		};
/* End PBXSourcesBuildPhase section */

/* Begin PBXTargetDependency section */
		49153E9B1D7FA65600AE5449 /* PBXTargetDependency */ = {
			isa = PBXTargetDependency;
			target = 49153E811D7FA65600AE5449 /* SwiftTestDevs */;
			targetProxy = 49153E9A1D7FA65600AE5449 /* PBXContainerItemProxy */;
		};
		49153EA61D7FA65600AE5449 /* PBXTargetDependency */ = {
			isa = PBXTargetDependency;
			target = 49153E811D7FA65600AE5449 /* SwiftTestDevs */;
			targetProxy = 49153EA51D7FA65600AE5449 /* PBXContainerItemProxy */;
		};
/* End PBXTargetDependency section */

/* Begin PBXVariantGroup section */
		49153E891D7FA65600AE5449 /* Main.storyboard */ = {
			isa = PBXVariantGroup;
			children = (
				49153E8A1D7FA65600AE5449 /* Base */,
			);
			name = Main.storyboard;
			sourceTree = "<group>";
		};
		49153E911D7FA65600AE5449 /* LaunchScreen.storyboard */ = {
			isa = PBXVariantGroup;
			children = (
				49153E921D7FA65600AE5449 /* Base */,
			);
			name = LaunchScreen.storyboard;
			sourceTree = "<group>";
		};
/* End PBXVariantGroup section */

/* Begin XCBuildConfiguration section */
		49153EAB1D7FA65600AE5449 /* Debug */ = {
			isa = XCBuildConfiguration;
			buildSettings = {
				ALWAYS_SEARCH_USER_PATHS = NO;
				CLANG_ANALYZER_NONNULL = YES;
				CLANG_CXX_LANGUAGE_STANDARD = "gnu++0x";
				CLANG_CXX_LIBRARY = "libc++";
				CLANG_ENABLE_MODULES = YES;
				CLANG_ENABLE_OBJC_ARC = YES;
				CLANG_WARN_BOOL_CONVERSION = YES;
				CLANG_WARN_CONSTANT_CONVERSION = YES;
				CLANG_WARN_DIRECT_OBJC_ISA_USAGE = YES_ERROR;
				CLANG_WARN_DOCUMENTATION_COMMENTS = YES;
				CLANG_WARN_EMPTY_BODY = YES;
				CLANG_WARN_ENUM_CONVERSION = YES;
				CLANG_WARN_INFINITE_RECURSION = YES;
				CLANG_WARN_INT_CONVERSION = YES;
				CLANG_WARN_OBJC_ROOT_CLASS = YES_ERROR;
				CLANG_WARN_SUSPICIOUS_MOVES = YES;
				CLANG_WARN_UNREACHABLE_CODE = YES;
				CLANG_WARN__DUPLICATE_METHOD_MATCH = YES;
				"CODE_SIGN_IDENTITY[sdk=iphoneos*]" = "iPhone Developer";
				COPY_PHASE_STRIP = NO;
				DEBUG_INFORMATION_FORMAT = dwarf;
				ENABLE_STRICT_OBJC_MSGSEND = YES;
				ENABLE_TESTABILITY = YES;
				GCC_C_LANGUAGE_STANDARD = gnu99;
				GCC_DYNAMIC_NO_PIC = NO;
				GCC_NO_COMMON_BLOCKS = YES;
				GCC_OPTIMIZATION_LEVEL = 0;
				GCC_PREPROCESSOR_DEFINITIONS = (
					"DEBUG=1",
					"$(inherited)",
				);
				GCC_WARN_64_TO_32_BIT_CONVERSION = YES;
				GCC_WARN_ABOUT_RETURN_TYPE = YES_ERROR;
				GCC_WARN_UNDECLARED_SELECTOR = YES;
				GCC_WARN_UNINITIALIZED_AUTOS = YES_AGGRESSIVE;
				GCC_WARN_UNUSED_FUNCTION = YES;
				GCC_WARN_UNUSED_VARIABLE = YES;
				IPHONEOS_DEPLOYMENT_TARGET = 10.0;
				MTL_ENABLE_DEBUG_INFO = YES;
				ONLY_ACTIVE_ARCH = YES;
				SDKROOT = iphoneos;
				SWIFT_ACTIVE_COMPILATION_CONDITIONS = DEBUG;
				SWIFT_OPTIMIZATION_LEVEL = "-Onone";
				TARGETED_DEVICE_FAMILY = "1,2";
			};
			name = Debug;
		};
		49153EAC1D7FA65600AE5449 /* Release */ = {
			isa = XCBuildConfiguration;
			buildSettings = {
				ALWAYS_SEARCH_USER_PATHS = NO;
				CLANG_ANALYZER_NONNULL = YES;
				CLANG_CXX_LANGUAGE_STANDARD = "gnu++0x";
				CLANG_CXX_LIBRARY = "libc++";
				CLANG_ENABLE_MODULES = YES;
				CLANG_ENABLE_OBJC_ARC = YES;
				CLANG_WARN_BOOL_CONVERSION = YES;
				CLANG_WARN_CONSTANT_CONVERSION = YES;
				CLANG_WARN_DIRECT_OBJC_ISA_USAGE = YES_ERROR;
				CLANG_WARN_DOCUMENTATION_COMMENTS = YES;
				CLANG_WARN_EMPTY_BODY = YES;
				CLANG_WARN_ENUM_CONVERSION = YES;
				CLANG_WARN_INFINITE_RECURSION = YES;
				CLANG_WARN_INT_CONVERSION = YES;
				CLANG_WARN_OBJC_ROOT_CLASS = YES_ERROR;
				CLANG_WARN_SUSPICIOUS_MOVES = YES;
				CLANG_WARN_UNREACHABLE_CODE = YES;
				CLANG_WARN__DUPLICATE_METHOD_MATCH = YES;
				"CODE_SIGN_IDENTITY[sdk=iphoneos*]" = "iPhone Developer";
				COPY_PHASE_STRIP = NO;
				DEBUG_INFORMATION_FORMAT = "dwarf-with-dsym";
				ENABLE_NS_ASSERTIONS = NO;
				ENABLE_STRICT_OBJC_MSGSEND = YES;
				GCC_C_LANGUAGE_STANDARD = gnu99;
				GCC_NO_COMMON_BLOCKS = YES;
				GCC_WARN_64_TO_32_BIT_CONVERSION = YES;
				GCC_WARN_ABOUT_RETURN_TYPE = YES_ERROR;
				GCC_WARN_UNDECLARED_SELECTOR = YES;
				GCC_WARN_UNINITIALIZED_AUTOS = YES_AGGRESSIVE;
				GCC_WARN_UNUSED_FUNCTION = YES;
				GCC_WARN_UNUSED_VARIABLE = YES;
				IPHONEOS_DEPLOYMENT_TARGET = 10.0;
				MTL_ENABLE_DEBUG_INFO = NO;
				SDKROOT = iphoneos;
				SWIFT_OPTIMIZATION_LEVEL = "-Owholemodule";
				TARGETED_DEVICE_FAMILY = "1,2";
				VALIDATE_PRODUCT = YES;
			};
			name = Release;
		};
		49153EAE1D7FA65600AE5449 /* Debug */ = {
			isa = XCBuildConfiguration;
			buildSettings = {
				ASSETCATALOG_COMPILER_APPICON_NAME = AppIcon;
				INFOPLIST_FILE = SwiftTestDevs/Info.plist;
				LD_RUNPATH_SEARCH_PATHS = "$(inherited) @executable_path/Frameworks";
				PRODUCT_BUNDLE_IDENTIFIER = CAMPS.SwiftTestDevs;
				PRODUCT_NAME = "$(TARGET_NAME)";
				SWIFT_VERSION = 3.0;
			};
			name = Debug;
		};
		49153EAF1D7FA65600AE5449 /* Release */ = {
			isa = XCBuildConfiguration;
			buildSettings = {
				ASSETCATALOG_COMPILER_APPICON_NAME = AppIcon;
				INFOPLIST_FILE = SwiftTestDevs/Info.plist;
				LD_RUNPATH_SEARCH_PATHS = "$(inherited) @executable_path/Frameworks";
				PRODUCT_BUNDLE_IDENTIFIER = CAMPS.SwiftTestDevs;
				PRODUCT_NAME = "$(TARGET_NAME)";
				SWIFT_VERSION = 3.0;
			};
			name = Release;
		};
		49153EB11D7FA65600AE5449 /* Debug */ = {
			isa = XCBuildConfiguration;
			buildSettings = {
				ALWAYS_EMBED_SWIFT_STANDARD_LIBRARIES = YES;
				BUNDLE_LOADER = "$(TEST_HOST)";
				INFOPLIST_FILE = SwiftTestDevsTests/Info.plist;
				LD_RUNPATH_SEARCH_PATHS = "$(inherited) @executable_path/Frameworks @loader_path/Frameworks";
				PRODUCT_BUNDLE_IDENTIFIER = CAMPS.SwiftTestDevsTests;
				PRODUCT_NAME = "$(TARGET_NAME)";
				SWIFT_VERSION = 3.0;
				TEST_HOST = "$(BUILT_PRODUCTS_DIR)/SwiftTestDevs.app/SwiftTestDevs";
			};
			name = Debug;
		};
		49153EB21D7FA65600AE5449 /* Release */ = {
			isa = XCBuildConfiguration;
			buildSettings = {
				ALWAYS_EMBED_SWIFT_STANDARD_LIBRARIES = YES;
				BUNDLE_LOADER = "$(TEST_HOST)";
				INFOPLIST_FILE = SwiftTestDevsTests/Info.plist;
				LD_RUNPATH_SEARCH_PATHS = "$(inherited) @executable_path/Frameworks @loader_path/Frameworks";
				PRODUCT_BUNDLE_IDENTIFIER = CAMPS.SwiftTestDevsTests;
				PRODUCT_NAME = "$(TARGET_NAME)";
				SWIFT_VERSION = 3.0;
				TEST_HOST = "$(BUILT_PRODUCTS_DIR)/SwiftTestDevs.app/SwiftTestDevs";
			};
			name = Release;
		};
		49153EB41D7FA65600AE5449 /* Debug */ = {
			isa = XCBuildConfiguration;
			buildSettings = {
				ALWAYS_EMBED_SWIFT_STANDARD_LIBRARIES = YES;
				INFOPLIST_FILE = SwiftTestDevsUITests/Info.plist;
				LD_RUNPATH_SEARCH_PATHS = "$(inherited) @executable_path/Frameworks @loader_path/Frameworks";
				PRODUCT_BUNDLE_IDENTIFIER = CAMPS.SwiftTestDevsUITests;
				PRODUCT_NAME = "$(TARGET_NAME)";
				SWIFT_VERSION = 3.0;
				TEST_TARGET_NAME = SwiftTestDevs;
			};
			name = Debug;
		};
		49153EB51D7FA65600AE5449 /* Release */ = {
			isa = XCBuildConfiguration;
			buildSettings = {
				ALWAYS_EMBED_SWIFT_STANDARD_LIBRARIES = YES;
				INFOPLIST_FILE = SwiftTestDevsUITests/Info.plist;
				LD_RUNPATH_SEARCH_PATHS = "$(inherited) @executable_path/Frameworks @loader_path/Frameworks";
				PRODUCT_BUNDLE_IDENTIFIER = CAMPS.SwiftTestDevsUITests;
				PRODUCT_NAME = "$(TARGET_NAME)";
				SWIFT_VERSION = 3.0;
				TEST_TARGET_NAME = SwiftTestDevs;
			};
			name = Release;
		};
/* End XCBuildConfiguration section */

/* Begin XCConfigurationList section */
		49153E7D1D7FA65600AE5449 /* Build configuration list for PBXProject "SwiftTestDevs" */ = {
			isa = XCConfigurationList;
			buildConfigurations = (
				49153EAB1D7FA65600AE5449 /* Debug */,
				49153EAC1D7FA65600AE5449 /* Release */,
			);
			defaultConfigurationIsVisible = 0;
			defaultConfigurationName = Release;
		};
		49153EAD1D7FA65600AE5449 /* Build configuration list for PBXNativeTarget "SwiftTestDevs" */ = {
			isa = XCConfigurationList;
			buildConfigurations = (
				49153EAE1D7FA65600AE5449 /* Debug */,
				49153EAF1D7FA65600AE5449 /* Release */,
			);
			defaultConfigurationIsVisible = 0;
		};
		49153EB01D7FA65600AE5449 /* Build configuration list for PBXNativeTarget "SwiftTestDevsTests" */ = {
			isa = XCConfigurationList;
			buildConfigurations = (
				49153EB11D7FA65600AE5449 /* Debug */,
				49153EB21D7FA65600AE5449 /* Release */,
			);
			defaultConfigurationIsVisible = 0;
		};
		49153EB31D7FA65600AE5449 /* Build configuration list for PBXNativeTarget "SwiftTestDevsUITests" */ = {
			isa = XCConfigurationList;
			buildConfigurations = (
				49153EB41D7FA65600AE5449 /* Debug */,
				49153EB51D7FA65600AE5449 /* Release */,
			);
			defaultConfigurationIsVisible = 0;
		};
/* End XCConfigurationList section */

/* Begin XCVersionGroup section */
		49153E8C1D7FA65600AE5449 /* SwiftTestDevs.xcdatamodeld */ = {
			isa = XCVersionGroup;
			children = (
				49153E8D1D7FA65600AE5449 /* SwiftTestDevs.xcdatamodel */,
			);
			currentVersion = 49153E8D1D7FA65600AE5449 /* SwiftTestDevs.xcdatamodel */;
			path = SwiftTestDevs.xcdatamodeld;
			sourceTree = "<group>";
			versionGroupType = wrapper.xcdatamodel;
		};
/* End XCVersionGroup section */
	};
	rootObject = 49153E7A1D7FA65600AE5449 /* Project object */;
}
